
Microsoft Visual Studio Solution File, Format Version 12.00
# Visual Studio 14
VisualStudioVersion = 14.0.25123.0
MinimumVisualStudioVersion = 10.0.40219.1
Project("{D954291E-2A0B-460D-934E-DC6B0785DB48}") = "Impact.Game", "Impact\Impact.Game\Impact.Game.shproj", "{7A1A9E7F-D955-4CFE-95BE-A722906E8B77}"
EndProject
Project("{FAE04EC0-301F-11D3-BF4B-00C04F79EFBC}") = "Impact.WP81", "Impact\Impact.WP81\Impact.WP81.csproj", "{ABAF1F1A-214B-46DC-9291-E1D5CFA9F3D8}"
EndProject
Project("{FAE04EC0-301F-11D3-BF4B-00C04F79EFBC}") = "Impact.Android", "Impact\Impact.Droid\Impact.Android.csproj", "{AC595BA6-99A1-4251-98C6-FA130872BDCD}"
EndProject
Project("{FAE04EC0-301F-11D3-BF4B-00C04F79EFBC}") = "Impact.iOS", "Impact\Impact.iOS\Impact.iOS.csproj", "{EA9D3B87-D779-4CE2-801E-17106B95720D}"
EndProject
Global
	GlobalSection(SharedMSBuildProjectFiles) = preSolution
		Impact\Impact.Game\EmptyProject.Shared.projitems*{ac595ba6-99a1-4251-98c6-fa130872bdcd}*SharedItemsImports = 4
		Impact\Impact.Game\EmptyProject.Shared.projitems*{7a1a9e7f-d955-4cfe-95be-a722906e8b77}*SharedItemsImports = 13
		Impact\Impact.Game\EmptyProject.Shared.projitems*{ea9d3b87-d779-4ce2-801e-17106b95720d}*SharedItemsImports = 4
		Impact\Impact.Game\EmptyProject.Shared.projitems*{abaf1f1a-214b-46dc-9291-e1d5cfa9f3d8}*SharedItemsImports = 4
	EndGlobalSection
	GlobalSection(SolutionConfigurationPlatforms) = preSolution
		Debug|Any CPU = Debug|Any CPU
		Debug|ARM = Debug|ARM
		Debug|iPhone = Debug|iPhone
		Debug|iPhoneSimulator = Debug|iPhoneSimulator
		Debug|x86 = Debug|x86
		Release|Any CPU = Release|Any CPU
		Release|ARM = Release|ARM
		Release|iPhone = Release|iPhone
		Release|iPhoneSimulator = Release|iPhoneSimulator
		Release|x86 = Release|x86
	EndGlobalSection
	GlobalSection(ProjectConfigurationPlatforms) = postSolution
		{ABAF1F1A-214B-46DC-9291-E1D5CFA9F3D8}.Debug|Any CPU.ActiveCfg = Debug|Any CPU
		{ABAF1F1A-214B-46DC-9291-E1D5CFA9F3D8}.Debug|Any CPU.Build.0 = Debug|Any CPU
		{ABAF1F1A-214B-46DC-9291-E1D5CFA9F3D8}.Debug|Any CPU.Deploy.0 = Debug|Any CPU
		{ABAF1F1A-214B-46DC-9291-E1D5CFA9F3D8}.Debug|ARM.ActiveCfg = Debug|ARM
		{ABAF1F1A-214B-46DC-9291-E1D5CFA9F3D8}.Debug|ARM.Build.0 = Debug|ARM
		{ABAF1F1A-214B-46DC-9291-E1D5CFA9F3D8}.Debug|ARM.Deploy.0 = Debug|ARM
		{ABAF1F1A-214B-46DC-9291-E1D5CFA9F3D8}.Debug|iPhone.ActiveCfg = Debug|Any CPU
		{ABAF1F1A-214B-46DC-9291-E1D5CFA9F3D8}.Debug|iPhone.Build.0 = Debug|Any CPU
		{ABAF1F1A-214B-46DC-9291-E1D5CFA9F3D8}.Debug|iPhone.Deploy.0 = Debug|Any CPU
		{ABAF1F1A-214B-46DC-9291-E1D5CFA9F3D8}.Debug|iPhoneSimulator.ActiveCfg = Debug|Any CPU
		{ABAF1F1A-214B-46DC-9291-E1D5CFA9F3D8}.Debug|iPhoneSimulator.Build.0 = Debug|Any CPU
		{ABAF1F1A-214B-46DC-9291-E1D5CFA9F3D8}.Debug|iPhoneSimulator.Deploy.0 = Debug|Any CPU
		{ABAF1F1A-214B-46DC-9291-E1D5CFA9F3D8}.Debug|x86.ActiveCfg = Debug|x86
		{ABAF1F1A-214B-46DC-9291-E1D5CFA9F3D8}.Debug|x86.Build.0 = Debug|x86
		{ABAF1F1A-214B-46DC-9291-E1D5CFA9F3D8}.Debug|x86.Deploy.0 = Debug|x86
		{ABAF1F1A-214B-46DC-9291-E1D5CFA9F3D8}.Release|Any CPU.ActiveCfg = Release|Any CPU
		{ABAF1F1A-214B-46DC-9291-E1D5CFA9F3D8}.Release|Any CPU.Build.0 = Release|Any CPU
		{ABAF1F1A-214B-46DC-9291-E1D5CFA9F3D8}.Release|Any CPU.Deploy.0 = Release|Any CPU
		{ABAF1F1A-214B-46DC-9291-E1D5CFA9F3D8}.Release|ARM.ActiveCfg = Release|ARM
		{ABAF1F1A-214B-46DC-9291-E1D5CFA9F3D8}.Release|ARM.Build.0 = Release|ARM
		{ABAF1F1A-214B-46DC-9291-E1D5CFA9F3D8}.Release|ARM.Deploy.0 = Release|ARM
		{ABAF1F1A-214B-46DC-9291-E1D5CFA9F3D8}.Release|iPhone.ActiveCfg = Release|Any CPU
		{ABAF1F1A-214B-46DC-9291-E1D5CFA9F3D8}.Release|iPhone.Build.0 = Release|Any CPU
		{ABAF1F1A-214B-46DC-9291-E1D5CFA9F3D8}.Release|iPhone.Deploy.0 = Release|Any CPU
		{ABAF1F1A-214B-46DC-9291-E1D5CFA9F3D8}.Release|iPhoneSimulator.ActiveCfg = Release|Any CPU
		{ABAF1F1A-214B-46DC-9291-E1D5CFA9F3D8}.Release|iPhoneSimulator.Build.0 = Release|Any CPU
		{ABAF1F1A-214B-46DC-9291-E1D5CFA9F3D8}.Release|iPhoneSimulator.Deploy.0 = Release|Any CPU
		{ABAF1F1A-214B-46DC-9291-E1D5CFA9F3D8}.Release|x86.ActiveCfg = Release|x86
		{ABAF1F1A-214B-46DC-9291-E1D5CFA9F3D8}.Release|x86.Build.0 = Release|x86
		{ABAF1F1A-214B-46DC-9291-E1D5CFA9F3D8}.Release|x86.Deploy.0 = Release|x86
		{AC595BA6-99A1-4251-98C6-FA130872BDCD}.Debug|Any CPU.ActiveCfg = Debug|Any CPU
		{AC595BA6-99A1-4251-98C6-FA130872BDCD}.Debug|Any CPU.Build.0 = Debug|Any CPU
		{AC595BA6-99A1-4251-98C6-FA130872BDCD}.Debug|Any CPU.Deploy.0 = Debug|Any CPU
		{AC595BA6-99A1-4251-98C6-FA130872BDCD}.Debug|ARM.ActiveCfg = Debug|Any CPU
		{AC595BA6-99A1-4251-98C6-FA130872BDCD}.Debug|ARM.Build.0 = Debug|Any CPU
		{AC595BA6-99A1-4251-98C6-FA130872BDCD}.Debug|ARM.Deploy.0 = Debug|Any CPU
		{AC595BA6-99A1-4251-98C6-FA130872BDCD}.Debug|iPhone.ActiveCfg = Debug|Any CPU
		{AC595BA6-99A1-4251-98C6-FA130872BDCD}.Debug|iPhone.Build.0 = Debug|Any CPU
		{AC595BA6-99A1-4251-98C6-FA130872BDCD}.Debug|iPhone.Deploy.0 = Debug|Any CPU
		{AC595BA6-99A1-4251-98C6-FA130872BDCD}.Debug|iPhoneSimulator.ActiveCfg = Debug|Any CPU
		{AC595BA6-99A1-4251-98C6-FA130872BDCD}.Debug|iPhoneSimulator.Build.0 = Debug|Any CPU
		{AC595BA6-99A1-4251-98C6-FA130872BDCD}.Debug|iPhoneSimulator.Deploy.0 = Debug|Any CPU
		{AC595BA6-99A1-4251-98C6-FA130872BDCD}.Debug|x86.ActiveCfg = Debug|Any CPU
		{AC595BA6-99A1-4251-98C6-FA130872BDCD}.Debug|x86.Build.0 = Debug|Any CPU
		{AC595BA6-99A1-4251-98C6-FA130872BDCD}.Debug|x86.Deploy.0 = Debug|Any CPU
		{AC595BA6-99A1-4251-98C6-FA130872BDCD}.Release|Any CPU.ActiveCfg = Release|Any CPU
		{AC595BA6-99A1-4251-98C6-FA130872BDCD}.Release|Any CPU.Build.0 = Release|Any CPU
		{AC595BA6-99A1-4251-98C6-FA130872BDCD}.Release|Any CPU.Deploy.0 = Release|Any CPU
		{AC595BA6-99A1-4251-98C6-FA130872BDCD}.Release|ARM.ActiveCfg = Release|Any CPU
		{AC595BA6-99A1-4251-98C6-FA130872BDCD}.Release|ARM.Build.0 = Release|Any CPU
		{AC595BA6-99A1-4251-98C6-FA130872BDCD}.Release|ARM.Deploy.0 = Release|Any CPU
		{AC595BA6-99A1-4251-98C6-FA130872BDCD}.Release|iPhone.ActiveCfg = Release|Any CPU
		{AC595BA6-99A1-4251-98C6-FA130872BDCD}.Release|iPhone.Build.0 = Release|Any CPU
		{AC595BA6-99A1-4251-98C6-FA130872BDCD}.Release|iPhone.Deploy.0 = Release|Any CPU
		{AC595BA6-99A1-4251-98C6-FA130872BDCD}.Release|iPhoneSimulator.ActiveCfg = Release|Any CPU
		{AC595BA6-99A1-4251-98C6-FA130872BDCD}.Release|iPhoneSimulator.Build.0 = Release|Any CPU
		{AC595BA6-99A1-4251-98C6-FA130872BDCD}.Release|iPhoneSimulator.Deploy.0 = Release|Any CPU
		{AC595BA6-99A1-4251-98C6-FA130872BDCD}.Release|x86.ActiveCfg = Release|Any CPU
		{AC595BA6-99A1-4251-98C6-FA130872BDCD}.Release|x86.Build.0 = Release|Any CPU
		{AC595BA6-99A1-4251-98C6-FA130872BDCD}.Release|x86.Deploy.0 = Release|Any CPU
		{EA9D3B87-D779-4CE2-801E-17106B95720D}.Debug|Any CPU.ActiveCfg = Debug|iPhone
		{EA9D3B87-D779-4CE2-801E-17106B95720D}.Debug|ARM.ActiveCfg = Debug|iPhone
		{EA9D3B87-D779-4CE2-801E-17106B95720D}.Debug|iPhone.ActiveCfg = Debug|iPhone
		{EA9D3B87-D779-4CE2-801E-17106B95720D}.Debug|iPhone.Build.0 = Debug|iPhone
		{EA9D3B87-D779-4CE2-801E-17106B95720D}.Debug|iPhoneSimulator.ActiveCfg = Debug|iPhoneSimulator
		{EA9D3B87-D779-4CE2-801E-17106B95720D}.Debug|iPhoneSimulator.Build.0 = Debug|iPhoneSimulator
		{EA9D3B87-D779-4CE2-801E-17106B95720D}.Debug|x86.ActiveCfg = Debug|iPhone
		{EA9D3B87-D779-4CE2-801E-17106B95720D}.Release|Any CPU.ActiveCfg = Release|iPhone
		{EA9D3B87-D779-4CE2-801E-17106B95720D}.Release|ARM.ActiveCfg = Release|iPhone
		{EA9D3B87-D779-4CE2-801E-17106B95720D}.Release|iPhone.ActiveCfg = Release|iPhone
		{EA9D3B87-D779-4CE2-801E-17106B95720D}.Release|iPhone.Build.0 = Release|iPhone
		{EA9D3B87-D779-4CE2-801E-17106B95720D}.Release|iPhoneSimulator.ActiveCfg = Release|iPhoneSimulator
		{EA9D3B87-D779-4CE2-801E-17106B95720D}.Release|iPhoneSimulator.Build.0 = Release|iPhoneSimulator
		{EA9D3B87-D779-4CE2-801E-17106B95720D}.Release|x86.ActiveCfg = Release|iPhone
	EndGlobalSection
	GlobalSection(SolutionProperties) = preSolution
		HideSolutionNode = FALSE
	EndGlobalSection
EndGlobal
